
Microsoft Visual Studio Solution File, Format Version 12.00
# Visual Studio Version 16
VisualStudioVersion = 16.0.30011.22
MinimumVisualStudioVersion = 10.0.40219.1
Project("{9A19103F-16F7-4668-BE54-9A1E7A4F7556}") = "Optimization", "OOPT-optimization\Optimization.csproj", "{109F9D01-3538-4A21-B438-B53BD18F7D18}"
EndProject
Project("{FAE04EC0-301F-11D3-BF4B-00C04F79EFBC}") = "OptimizationTest", "OptimizationTest\OptimizationTest.csproj", "{586BA3C1-4A9E-4F22-9B4F-FB3D980D8399}"
EndProject
Global
	GlobalSection(SolutionConfigurationPlatforms) = preSolution
		Debug|Any CPU = Debug|Any CPU
		Release|Any CPU = Release|Any CPU
	EndGlobalSection
	GlobalSection(ProjectConfigurationPlatforms) = postSolution
		{109F9D01-3538-4A21-B438-B53BD18F7D18}.Debug|Any CPU.ActiveCfg = Debug|Any CPU
		{109F9D01-3538-4A21-B438-B53BD18F7D18}.Debug|Any CPU.Build.0 = Debug|Any CPU
		{109F9D01-3538-4A21-B438-B53BD18F7D18}.Release|Any CPU.ActiveCfg = Release|Any CPU
		{109F9D01-3538-4A21-B438-B53BD18F7D18}.Release|Any CPU.Build.0 = Release|Any CPU
		{586BA3C1-4A9E-4F22-9B4F-FB3D980D8399}.Debug|Any CPU.ActiveCfg = Debug|Any CPU
		{586BA3C1-4A9E-4F22-9B4F-FB3D980D8399}.Debug|Any CPU.Build.0 = Debug|Any CPU
		{586BA3C1-4A9E-4F22-9B4F-FB3D980D8399}.Release|Any CPU.ActiveCfg = Release|Any CPU
		{586BA3C1-4A9E-4F22-9B4F-FB3D980D8399}.Release|Any CPU.Build.0 = Release|Any CPU
	EndGlobalSection
	GlobalSection(SolutionProperties) = preSolution
		HideSolutionNode = FALSE
	EndGlobalSection
	GlobalSection(ExtensibilityGlobals) = postSolution
		SolutionGuid = {76806095-3195-4D7A-B134-68BD29D8AF6D}
	EndGlobalSection
EndGlobal
